
Microsoft Visual Studio Solution File, Format Version 12.00
# Visual Studio Version 16
VisualStudioVersion = 16.0.30621.155
MinimumVisualStudioVersion = 10.0.40219.1
Project("{FAE04EC0-301F-11D3-BF4B-00C04F79EFBC}") = "WebApplication", "WebApplication\WebApplication.csproj", "{036D1731-2922-4616-88DE-8E25C7E03FA3}"
EndProject
Global
	GlobalSection(SolutionConfigurationPlatforms) = preSolution
		Debug|Any CPU = Debug|Any CPU
		Release|Any CPU = Release|Any CPU
	EndGlobalSection
	GlobalSection(ProjectConfigurationPlatforms) = postSolution
		{036D1731-2922-4616-88DE-8E25C7E03FA3}.Debug|Any CPU.ActiveCfg = Debug|Any CPU
		{036D1731-2922-4616-88DE-8E25C7E03FA3}.Debug|Any CPU.Build.0 = Debug|Any CPU
		{036D1731-2922-4616-88DE-8E25C7E03FA3}.Release|Any CPU.ActiveCfg = Release|Any CPU
		{036D1731-2922-4616-88DE-8E25C7E03FA3}.Release|Any CPU.Build.0 = Release|Any CPU
	EndGlobalSection
	GlobalSection(SolutionProperties) = preSolution
		HideSolutionNode = FALSE
	EndGlobalSection
	GlobalSection(ExtensibilityGlobals) = postSolution
		SolutionGuid = {B91F2130-236F-4ED2-9D4F-B6F83C6BD14B}
	EndGlobalSection
EndGlobal
